
Microsoft Visual Studio Solution File, Format Version 12.00
# Visual Studio 15
VisualStudioVersion = 15.0.28307.1267
MinimumVisualStudioVersion = 10.0.40219.1
Project("{9A19103F-16F7-4668-BE54-9A1E7A4F7556}") = "Nookipedia.Net", "Nookipedia.Net\Nookipedia.Net.csproj", "{D53C74AB-543E-4930-B606-273BE0A6050A}"
EndProject
Global
	GlobalSection(SolutionConfigurationPlatforms) = preSolution
		Debug|Any CPU = Debug|Any CPU
		Release|Any CPU = Release|Any CPU
	EndGlobalSection
	GlobalSection(ProjectConfigurationPlatforms) = postSolution
		{D53C74AB-543E-4930-B606-273BE0A6050A}.Debug|Any CPU.ActiveCfg = Debug|Any CPU
		{D53C74AB-543E-4930-B606-273BE0A6050A}.Debug|Any CPU.Build.0 = Debug|Any CPU
		{D53C74AB-543E-4930-B606-273BE0A6050A}.Release|Any CPU.ActiveCfg = Release|Any CPU
		{D53C74AB-543E-4930-B606-273BE0A6050A}.Release|Any CPU.Build.0 = Release|Any CPU
	EndGlobalSection
	GlobalSection(SolutionProperties) = preSolution
		HideSolutionNode = FALSE
	EndGlobalSection
	GlobalSection(ExtensibilityGlobals) = postSolution
		SolutionGuid = {820D907B-6459-4FE3-83A4-5E9632ACCFB6}
	EndGlobalSection
EndGlobal
